
Microsoft Visual Studio Solution File, Format Version 12.00
# Visual Studio Version 17
VisualStudioVersion = 17.12.35527.113
MinimumVisualStudioVersion = 10.0.40219.1
Project("{8BC9CEB8-8B4A-11D0-8D11-00A0C91BC942}") = "Program", "Program.vcxproj", "{D609DAE2-40F0-43E4-AB99-DDF30782D60F}"
EndProject
Project("{8BC9CEB8-8B4A-11D0-8D11-00A0C91BC942}") = "Class 1th(stream)", "..\Class 1th\Class 1th.vcxproj", "{A29B3502-6D59-41B9-AAB8-5954714E9276}"
EndProject
Project("{8BC9CEB8-8B4A-11D0-8D11-00A0C91BC942}") = "Class 2th(Class)", "..\Class 2th(Class)\Class 2th(Class).vcxproj", "{2D2543E3-CFDE-4F54-A376-58BF1D813250}"
EndProject
Project("{8BC9CEB8-8B4A-11D0-8D11-00A0C91BC942}") = "Class3 th (Constructor & Destructor)", "..\Class3 th (Constructor & Destructor)\Class3 th (Constructor & Destructor).vcxproj", "{3FB3C6DA-DCE8-4A8E-98ED-D79A1086FB15}"
EndProject
Project("{8BC9CEB8-8B4A-11D0-8D11-00A0C91BC942}") = "Class 4th(Shallow Copy & Deep Copy)", "..\Class 4th(Shallow Copy & Deep Copy)\Class 4th(Shallow Copy & Deep Copy).vcxproj", "{31A5CA67-971C-4D36-87BB-625F236C6A74}"
EndProject
Project("{8BC9CEB8-8B4A-11D0-8D11-00A0C91BC942}") = "Class 5th (Inheritance)", "..\Class 5th (Inheritance)\Class 5th (Inheritance).vcxproj", "{679787E2-DA0F-4C01-84DE-3821C1E96F2E}"
EndProject
Project("{8BC9CEB8-8B4A-11D0-8D11-00A0C91BC942}") = "Class 6th(Polymophism)", "..\Class 6th(Polymophism)\Class 6th(Polymophism).vcxproj", "{030D79C2-581B-48D2-BBBD-979E0C29820C}"
EndProject
Project("{8BC9CEB8-8B4A-11D0-8D11-00A0C91BC942}") = "Class 7th(Virtuall Function)", "..\Class 7th(Virtuall Function)\Class 7th(Virtuall Function).vcxproj", "{687A36E5-DFBF-4E26-97E1-511A78CA6310}"
EndProject
Project("{8BC9CEB8-8B4A-11D0-8D11-00A0C91BC942}") = "Class 8th (Abstract)", "..\Class 8th (Abstract)\Class 8th (Abstract).vcxproj", "{B4AEF644-03FA-4E46-8A8E-BBBAD3F8A6DB}"
EndProject
Project("{8BC9CEB8-8B4A-11D0-8D11-00A0C91BC942}") = "Class 9th (Operator OverLoading)", "..\Class 9th (Operator OverLoading)\Class 9th (Operator OverLoading).vcxproj", "{20A2415B-F6B6-4855-B592-EEE6D919956F}"
EndProject
Project("{8BC9CEB8-8B4A-11D0-8D11-00A0C91BC942}") = "Class 10th(Template)", "..\Class 10th(Template)\Class 10th(Template).vcxproj", "{67F0FE34-6FD7-4BE7-B4F0-C857E0FD4B89}"
EndProject
Project("{8BC9CEB8-8B4A-11D0-8D11-00A0C91BC942}") = "Class 11th (Smart Pointer)", "..\Class 11th (Smart Pointer)\Class 11th (Smart Pointer).vcxproj", "{5B0C89B5-D910-4055-BF62-CF2CE9A0F3D1}"
EndProject
Project("{8BC9CEB8-8B4A-11D0-8D11-00A0C91BC942}") = "Class 12th(Thread)", "..\Class 12th(Thread)\Class 12th(Thread).vcxproj", "{580EFC6A-FC65-40ED-AA2C-E374B6F42D80}"
EndProject
Project("{8BC9CEB8-8B4A-11D0-8D11-00A0C91BC942}") = "Class 13th (Linear container)", "..\Class 13th (Linear container)\Class 13th (Linear container).vcxproj", "{A98B19A3-80B8-469A-9930-81FFB7035961}"
EndProject
Global
	GlobalSection(SolutionConfigurationPlatforms) = preSolution
		Debug|x64 = Debug|x64
		Debug|x86 = Debug|x86
		Release|x64 = Release|x64
		Release|x86 = Release|x86
	EndGlobalSection
	GlobalSection(ProjectConfigurationPlatforms) = postSolution
		{D609DAE2-40F0-43E4-AB99-DDF30782D60F}.Debug|x64.ActiveCfg = Debug|x64
		{D609DAE2-40F0-43E4-AB99-DDF30782D60F}.Debug|x64.Build.0 = Debug|x64
		{D609DAE2-40F0-43E4-AB99-DDF30782D60F}.Debug|x86.ActiveCfg = Debug|Win32
		{D609DAE2-40F0-43E4-AB99-DDF30782D60F}.Debug|x86.Build.0 = Debug|Win32
		{D609DAE2-40F0-43E4-AB99-DDF30782D60F}.Release|x64.ActiveCfg = Release|x64
		{D609DAE2-40F0-43E4-AB99-DDF30782D60F}.Release|x64.Build.0 = Release|x64
		{D609DAE2-40F0-43E4-AB99-DDF30782D60F}.Release|x86.ActiveCfg = Release|Win32
		{D609DAE2-40F0-43E4-AB99-DDF30782D60F}.Release|x86.Build.0 = Release|Win32
		{A29B3502-6D59-41B9-AAB8-5954714E9276}.Debug|x64.ActiveCfg = Debug|x64
		{A29B3502-6D59-41B9-AAB8-5954714E9276}.Debug|x64.Build.0 = Debug|x64
		{A29B3502-6D59-41B9-AAB8-5954714E9276}.Debug|x86.ActiveCfg = Debug|Win32
		{A29B3502-6D59-41B9-AAB8-5954714E9276}.Debug|x86.Build.0 = Debug|Win32
		{A29B3502-6D59-41B9-AAB8-5954714E9276}.Release|x64.ActiveCfg = Release|x64
		{A29B3502-6D59-41B9-AAB8-5954714E9276}.Release|x64.Build.0 = Release|x64
		{A29B3502-6D59-41B9-AAB8-5954714E9276}.Release|x86.ActiveCfg = Release|Win32
		{A29B3502-6D59-41B9-AAB8-5954714E9276}.Release|x86.Build.0 = Release|Win32
		{2D2543E3-CFDE-4F54-A376-58BF1D813250}.Debug|x64.ActiveCfg = Debug|x64
		{2D2543E3-CFDE-4F54-A376-58BF1D813250}.Debug|x64.Build.0 = Debug|x64
		{2D2543E3-CFDE-4F54-A376-58BF1D813250}.Debug|x86.ActiveCfg = Debug|Win32
		{2D2543E3-CFDE-4F54-A376-58BF1D813250}.Debug|x86.Build.0 = Debug|Win32
		{2D2543E3-CFDE-4F54-A376-58BF1D813250}.Release|x64.ActiveCfg = Release|x64
		{2D2543E3-CFDE-4F54-A376-58BF1D813250}.Release|x64.Build.0 = Release|x64
		{2D2543E3-CFDE-4F54-A376-58BF1D813250}.Release|x86.ActiveCfg = Release|Win32
		{2D2543E3-CFDE-4F54-A376-58BF1D813250}.Release|x86.Build.0 = Release|Win32
		{3FB3C6DA-DCE8-4A8E-98ED-D79A1086FB15}.Debug|x64.ActiveCfg = Debug|x64
		{3FB3C6DA-DCE8-4A8E-98ED-D79A1086FB15}.Debug|x64.Build.0 = Debug|x64
		{3FB3C6DA-DCE8-4A8E-98ED-D79A1086FB15}.Debug|x86.ActiveCfg = Debug|Win32
		{3FB3C6DA-DCE8-4A8E-98ED-D79A1086FB15}.Debug|x86.Build.0 = Debug|Win32
		{3FB3C6DA-DCE8-4A8E-98ED-D79A1086FB15}.Release|x64.ActiveCfg = Release|x64
		{3FB3C6DA-DCE8-4A8E-98ED-D79A1086FB15}.Release|x64.Build.0 = Release|x64
		{3FB3C6DA-DCE8-4A8E-98ED-D79A1086FB15}.Release|x86.ActiveCfg = Release|Win32
		{3FB3C6DA-DCE8-4A8E-98ED-D79A1086FB15}.Release|x86.Build.0 = Release|Win32
		{31A5CA67-971C-4D36-87BB-625F236C6A74}.Debug|x64.ActiveCfg = Debug|x64
		{31A5CA67-971C-4D36-87BB-625F236C6A74}.Debug|x64.Build.0 = Debug|x64
		{31A5CA67-971C-4D36-87BB-625F236C6A74}.Debug|x86.ActiveCfg = Debug|Win32
		{31A5CA67-971C-4D36-87BB-625F236C6A74}.Debug|x86.Build.0 = Debug|Win32
		{31A5CA67-971C-4D36-87BB-625F236C6A74}.Release|x64.ActiveCfg = Release|x64
		{31A5CA67-971C-4D36-87BB-625F236C6A74}.Release|x64.Build.0 = Release|x64
		{31A5CA67-971C-4D36-87BB-625F236C6A74}.Release|x86.ActiveCfg = Release|Win32
		{31A5CA67-971C-4D36-87BB-625F236C6A74}.Release|x86.Build.0 = Release|Win32
		{679787E2-DA0F-4C01-84DE-3821C1E96F2E}.Debug|x64.ActiveCfg = Debug|x64
		{679787E2-DA0F-4C01-84DE-3821C1E96F2E}.Debug|x64.Build.0 = Debug|x64
		{679787E2-DA0F-4C01-84DE-3821C1E96F2E}.Debug|x86.ActiveCfg = Debug|Win32
		{679787E2-DA0F-4C01-84DE-3821C1E96F2E}.Debug|x86.Build.0 = Debug|Win32
		{679787E2-DA0F-4C01-84DE-3821C1E96F2E}.Release|x64.ActiveCfg = Release|x64
		{679787E2-DA0F-4C01-84DE-3821C1E96F2E}.Release|x64.Build.0 = Release|x64
		{679787E2-DA0F-4C01-84DE-3821C1E96F2E}.Release|x86.ActiveCfg = Release|Win32
		{679787E2-DA0F-4C01-84DE-3821C1E96F2E}.Release|x86.Build.0 = Release|Win32
		{030D79C2-581B-48D2-BBBD-979E0C29820C}.Debug|x64.ActiveCfg = Debug|x64
		{030D79C2-581B-48D2-BBBD-979E0C29820C}.Debug|x64.Build.0 = Debug|x64
		{030D79C2-581B-48D2-BBBD-979E0C29820C}.Debug|x86.ActiveCfg = Debug|Win32
		{030D79C2-581B-48D2-BBBD-979E0C29820C}.Debug|x86.Build.0 = Debug|Win32
		{030D79C2-581B-48D2-BBBD-979E0C29820C}.Release|x64.ActiveCfg = Release|x64
		{030D79C2-581B-48D2-BBBD-979E0C29820C}.Release|x64.Build.0 = Release|x64
		{030D79C2-581B-48D2-BBBD-979E0C29820C}.Release|x86.ActiveCfg = Release|Win32
		{030D79C2-581B-48D2-BBBD-979E0C29820C}.Release|x86.Build.0 = Release|Win32
		{687A36E5-DFBF-4E26-97E1-511A78CA6310}.Debug|x64.ActiveCfg = Debug|x64
		{687A36E5-DFBF-4E26-97E1-511A78CA6310}.Debug|x64.Build.0 = Debug|x64
		{687A36E5-DFBF-4E26-97E1-511A78CA6310}.Debug|x86.ActiveCfg = Debug|Win32
		{687A36E5-DFBF-4E26-97E1-511A78CA6310}.Debug|x86.Build.0 = Debug|Win32
		{687A36E5-DFBF-4E26-97E1-511A78CA6310}.Release|x64.ActiveCfg = Release|x64
		{687A36E5-DFBF-4E26-97E1-511A78CA6310}.Release|x64.Build.0 = Release|x64
		{687A36E5-DFBF-4E26-97E1-511A78CA6310}.Release|x86.ActiveCfg = Release|Win32
		{687A36E5-DFBF-4E26-97E1-511A78CA6310}.Release|x86.Build.0 = Release|Win32
		{B4AEF644-03FA-4E46-8A8E-BBBAD3F8A6DB}.Debug|x64.ActiveCfg = Debug|x64
		{B4AEF644-03FA-4E46-8A8E-BBBAD3F8A6DB}.Debug|x64.Build.0 = Debug|x64
		{B4AEF644-03FA-4E46-8A8E-BBBAD3F8A6DB}.Debug|x86.ActiveCfg = Debug|Win32
		{B4AEF644-03FA-4E46-8A8E-BBBAD3F8A6DB}.Debug|x86.Build.0 = Debug|Win32
		{B4AEF644-03FA-4E46-8A8E-BBBAD3F8A6DB}.Release|x64.ActiveCfg = Release|x64
		{B4AEF644-03FA-4E46-8A8E-BBBAD3F8A6DB}.Release|x64.Build.0 = Release|x64
		{B4AEF644-03FA-4E46-8A8E-BBBAD3F8A6DB}.Release|x86.ActiveCfg = Release|Win32
		{B4AEF644-03FA-4E46-8A8E-BBBAD3F8A6DB}.Release|x86.Build.0 = Release|Win32
		{20A2415B-F6B6-4855-B592-EEE6D919956F}.Debug|x64.ActiveCfg = Debug|x64
		{20A2415B-F6B6-4855-B592-EEE6D919956F}.Debug|x64.Build.0 = Debug|x64
		{20A2415B-F6B6-4855-B592-EEE6D919956F}.Debug|x86.ActiveCfg = Debug|Win32
		{20A2415B-F6B6-4855-B592-EEE6D919956F}.Debug|x86.Build.0 = Debug|Win32
		{20A2415B-F6B6-4855-B592-EEE6D919956F}.Release|x64.ActiveCfg = Release|x64
		{20A2415B-F6B6-4855-B592-EEE6D919956F}.Release|x64.Build.0 = Release|x64
		{20A2415B-F6B6-4855-B592-EEE6D919956F}.Release|x86.ActiveCfg = Release|Win32
		{20A2415B-F6B6-4855-B592-EEE6D919956F}.Release|x86.Build.0 = Release|Win32
		{67F0FE34-6FD7-4BE7-B4F0-C857E0FD4B89}.Debug|x64.ActiveCfg = Debug|x64
		{67F0FE34-6FD7-4BE7-B4F0-C857E0FD4B89}.Debug|x64.Build.0 = Debug|x64
		{67F0FE34-6FD7-4BE7-B4F0-C857E0FD4B89}.Debug|x86.ActiveCfg = Debug|Win32
		{67F0FE34-6FD7-4BE7-B4F0-C857E0FD4B89}.Debug|x86.Build.0 = Debug|Win32
		{67F0FE34-6FD7-4BE7-B4F0-C857E0FD4B89}.Release|x64.ActiveCfg = Release|x64
		{67F0FE34-6FD7-4BE7-B4F0-C857E0FD4B89}.Release|x64.Build.0 = Release|x64
		{67F0FE34-6FD7-4BE7-B4F0-C857E0FD4B89}.Release|x86.ActiveCfg = Release|Win32
		{67F0FE34-6FD7-4BE7-B4F0-C857E0FD4B89}.Release|x86.Build.0 = Release|Win32
		{5B0C89B5-D910-4055-BF62-CF2CE9A0F3D1}.Debug|x64.ActiveCfg = Debug|x64
		{5B0C89B5-D910-4055-BF62-CF2CE9A0F3D1}.Debug|x64.Build.0 = Debug|x64
		{5B0C89B5-D910-4055-BF62-CF2CE9A0F3D1}.Debug|x86.ActiveCfg = Debug|Win32
		{5B0C89B5-D910-4055-BF62-CF2CE9A0F3D1}.Debug|x86.Build.0 = Debug|Win32
		{5B0C89B5-D910-4055-BF62-CF2CE9A0F3D1}.Release|x64.ActiveCfg = Release|x64
		{5B0C89B5-D910-4055-BF62-CF2CE9A0F3D1}.Release|x64.Build.0 = Release|x64
		{5B0C89B5-D910-4055-BF62-CF2CE9A0F3D1}.Release|x86.ActiveCfg = Release|Win32
		{5B0C89B5-D910-4055-BF62-CF2CE9A0F3D1}.Release|x86.Build.0 = Release|Win32
		{580EFC6A-FC65-40ED-AA2C-E374B6F42D80}.Debug|x64.ActiveCfg = Debug|x64
		{580EFC6A-FC65-40ED-AA2C-E374B6F42D80}.Debug|x64.Build.0 = Debug|x64
		{580EFC6A-FC65-40ED-AA2C-E374B6F42D80}.Debug|x86.ActiveCfg = Debug|Win32
		{580EFC6A-FC65-40ED-AA2C-E374B6F42D80}.Debug|x86.Build.0 = Debug|Win32
		{580EFC6A-FC65-40ED-AA2C-E374B6F42D80}.Release|x64.ActiveCfg = Release|x64
		{580EFC6A-FC65-40ED-AA2C-E374B6F42D80}.Release|x64.Build.0 = Release|x64
		{580EFC6A-FC65-40ED-AA2C-E374B6F42D80}.Release|x86.ActiveCfg = Release|Win32
		{580EFC6A-FC65-40ED-AA2C-E374B6F42D80}.Release|x86.Build.0 = Release|Win32
		{A98B19A3-80B8-469A-9930-81FFB7035961}.Debug|x64.ActiveCfg = Debug|x64
		{A98B19A3-80B8-469A-9930-81FFB7035961}.Debug|x64.Build.0 = Debug|x64
		{A98B19A3-80B8-469A-9930-81FFB7035961}.Debug|x86.ActiveCfg = Debug|Win32
		{A98B19A3-80B8-469A-9930-81FFB7035961}.Debug|x86.Build.0 = Debug|Win32
		{A98B19A3-80B8-469A-9930-81FFB7035961}.Release|x64.ActiveCfg = Release|x64
		{A98B19A3-80B8-469A-9930-81FFB7035961}.Release|x64.Build.0 = Release|x64
		{A98B19A3-80B8-469A-9930-81FFB7035961}.Release|x86.ActiveCfg = Release|Win32
		{A98B19A3-80B8-469A-9930-81FFB7035961}.Release|x86.Build.0 = Release|Win32
	EndGlobalSection
	GlobalSection(SolutionProperties) = preSolution
		HideSolutionNode = FALSE
	EndGlobalSection
EndGlobal
